
Microsoft Visual Studio Solution File, Format Version 12.00
# Visual Studio Version 16
VisualStudioVersion = 16.0.31829.152
MinimumVisualStudioVersion = 10.0.40219.1
Project("{8BC9CEB8-8B4A-11D0-8D11-00A0C91BC942}") = "08.1", "..\..\Praktikum 8\Praktikum 8.1\P8.1\Project1\Project1.vcxproj", "{28184D81-B652-4568-820D-8D9C6FF7C3DC}"
EndProject
Project("{8BC9CEB8-8B4A-11D0-8D11-00A0C91BC942}") = "09.1", "..\..\Praktikum 9\9.1\9.1\9.1.vcxproj", "{D4D5152A-6371-4990-9267-429046143F85}"
EndProject
Project("{8BC9CEB8-8B4A-11D0-8D11-00A0C91BC942}") = "09.2", "..\..\Praktikum 9\9.2\9.2\9.2\9.2.vcxproj", "{BBDA5A23-6908-4F77-A7C6-FB4B179BCD15}"
EndProject
Project("{8BC9CEB8-8B4A-11D0-8D11-00A0C91BC942}") = "10.1", "..\..\Praktikum 10\10.1\10.1\10.1\10.1.vcxproj", "{13841137-77B7-495F-BD93-5AB738B500BB}"
EndProject
Project("{8BC9CEB8-8B4A-11D0-8D11-00A0C91BC942}") = "10.3", "..\..\Praktikum 10\10.3\10.3\10.3\10.3.vcxproj", "{239978E5-E9B6-4F31-BE5A-E721AA6E4290}"
EndProject
Project("{8BC9CEB8-8B4A-11D0-8D11-00A0C91BC942}") = "10.5", "..\..\Praktikum 10\10.5\10.5\10.5\10.5.vcxproj", "{D2AA4A4B-E9F0-4DD2-8260-7B53448C1F7A}"
EndProject
Project("{8BC9CEB8-8B4A-11D0-8D11-00A0C91BC942}") = "11.2", "..\..\Praktikum 11\P11_2\P11_2\P11_2.vcxproj", "{8B7C233E-7F1E-49BA-984F-FA903EF8C12A}"
EndProject
Project("{8BC9CEB8-8B4A-11D0-8D11-00A0C91BC942}") = "11.3", "..\..\Praktikum 11\P11_3\P11_3\P11_3.vcxproj", "{B5F5D400-A037-4096-8DDB-5E8CC003A1E8}"
EndProject
Project("{8BC9CEB8-8B4A-11D0-8D11-00A0C91BC942}") = "12", "..\..\Praktikum 12\P12\P12\P12.vcxproj", "{3354F2FA-58E5-4CF0-8179-AC9EA2BF45A1}"
EndProject
Project("{8BC9CEB8-8B4A-11D0-8D11-00A0C91BC942}") = "07", "7\7.vcxproj", "{11DCE980-E809-4A04-9AA3-1A2AAC339228}"
EndProject
Project("{8BC9CEB8-8B4A-11D0-8D11-00A0C91BC942}") = "06.1", "06\06.vcxproj", "{08FD3C38-E3C0-4E4D-B523-B3BF5C67E39C}"
EndProject
Project("{8BC9CEB8-8B4A-11D0-8D11-00A0C91BC942}") = "06.3", "06.1\06.1.vcxproj", "{C7F1348E-0A4B-49B7-B345-8B20AF495C06}"
EndProject
Project("{8BC9CEB8-8B4A-11D0-8D11-00A0C91BC942}") = "06.02", "06.02\06.02.vcxproj", "{22DF79EA-A927-49A0-8E2B-435CBD892E12}"
EndProject
Global
	GlobalSection(SolutionConfigurationPlatforms) = preSolution
		Debug|x64 = Debug|x64
		Debug|x86 = Debug|x86
		Release|x64 = Release|x64
		Release|x86 = Release|x86
	EndGlobalSection
	GlobalSection(ProjectConfigurationPlatforms) = postSolution
		{28184D81-B652-4568-820D-8D9C6FF7C3DC}.Debug|x64.ActiveCfg = Debug|x64
		{28184D81-B652-4568-820D-8D9C6FF7C3DC}.Debug|x64.Build.0 = Debug|x64
		{28184D81-B652-4568-820D-8D9C6FF7C3DC}.Debug|x86.ActiveCfg = Debug|Win32
		{28184D81-B652-4568-820D-8D9C6FF7C3DC}.Debug|x86.Build.0 = Debug|Win32
		{28184D81-B652-4568-820D-8D9C6FF7C3DC}.Release|x64.ActiveCfg = Release|x64
		{28184D81-B652-4568-820D-8D9C6FF7C3DC}.Release|x64.Build.0 = Release|x64
		{28184D81-B652-4568-820D-8D9C6FF7C3DC}.Release|x86.ActiveCfg = Release|Win32
		{28184D81-B652-4568-820D-8D9C6FF7C3DC}.Release|x86.Build.0 = Release|Win32
		{D4D5152A-6371-4990-9267-429046143F85}.Debug|x64.ActiveCfg = Debug|x64
		{D4D5152A-6371-4990-9267-429046143F85}.Debug|x64.Build.0 = Debug|x64
		{D4D5152A-6371-4990-9267-429046143F85}.Debug|x86.ActiveCfg = Debug|Win32
		{D4D5152A-6371-4990-9267-429046143F85}.Debug|x86.Build.0 = Debug|Win32
		{D4D5152A-6371-4990-9267-429046143F85}.Release|x64.ActiveCfg = Release|x64
		{D4D5152A-6371-4990-9267-429046143F85}.Release|x64.Build.0 = Release|x64
		{D4D5152A-6371-4990-9267-429046143F85}.Release|x86.ActiveCfg = Release|Win32
		{D4D5152A-6371-4990-9267-429046143F85}.Release|x86.Build.0 = Release|Win32
		{BBDA5A23-6908-4F77-A7C6-FB4B179BCD15}.Debug|x64.ActiveCfg = Debug|x64
		{BBDA5A23-6908-4F77-A7C6-FB4B179BCD15}.Debug|x64.Build.0 = Debug|x64
		{BBDA5A23-6908-4F77-A7C6-FB4B179BCD15}.Debug|x86.ActiveCfg = Debug|Win32
		{BBDA5A23-6908-4F77-A7C6-FB4B179BCD15}.Debug|x86.Build.0 = Debug|Win32
		{BBDA5A23-6908-4F77-A7C6-FB4B179BCD15}.Release|x64.ActiveCfg = Release|x64
		{BBDA5A23-6908-4F77-A7C6-FB4B179BCD15}.Release|x64.Build.0 = Release|x64
		{BBDA5A23-6908-4F77-A7C6-FB4B179BCD15}.Release|x86.ActiveCfg = Release|Win32
		{BBDA5A23-6908-4F77-A7C6-FB4B179BCD15}.Release|x86.Build.0 = Release|Win32
		{13841137-77B7-495F-BD93-5AB738B500BB}.Debug|x64.ActiveCfg = Debug|x64
		{13841137-77B7-495F-BD93-5AB738B500BB}.Debug|x64.Build.0 = Debug|x64
		{13841137-77B7-495F-BD93-5AB738B500BB}.Debug|x86.ActiveCfg = Debug|Win32
		{13841137-77B7-495F-BD93-5AB738B500BB}.Debug|x86.Build.0 = Debug|Win32
		{13841137-77B7-495F-BD93-5AB738B500BB}.Release|x64.ActiveCfg = Release|x64
		{13841137-77B7-495F-BD93-5AB738B500BB}.Release|x64.Build.0 = Release|x64
		{13841137-77B7-495F-BD93-5AB738B500BB}.Release|x86.ActiveCfg = Release|Win32
		{13841137-77B7-495F-BD93-5AB738B500BB}.Release|x86.Build.0 = Release|Win32
		{239978E5-E9B6-4F31-BE5A-E721AA6E4290}.Debug|x64.ActiveCfg = Debug|x64
		{239978E5-E9B6-4F31-BE5A-E721AA6E4290}.Debug|x64.Build.0 = Debug|x64
		{239978E5-E9B6-4F31-BE5A-E721AA6E4290}.Debug|x86.ActiveCfg = Debug|Win32
		{239978E5-E9B6-4F31-BE5A-E721AA6E4290}.Debug|x86.Build.0 = Debug|Win32
		{239978E5-E9B6-4F31-BE5A-E721AA6E4290}.Release|x64.ActiveCfg = Release|x64
		{239978E5-E9B6-4F31-BE5A-E721AA6E4290}.Release|x64.Build.0 = Release|x64
		{239978E5-E9B6-4F31-BE5A-E721AA6E4290}.Release|x86.ActiveCfg = Release|Win32
		{239978E5-E9B6-4F31-BE5A-E721AA6E4290}.Release|x86.Build.0 = Release|Win32
		{D2AA4A4B-E9F0-4DD2-8260-7B53448C1F7A}.Debug|x64.ActiveCfg = Debug|x64
		{D2AA4A4B-E9F0-4DD2-8260-7B53448C1F7A}.Debug|x64.Build.0 = Debug|x64
		{D2AA4A4B-E9F0-4DD2-8260-7B53448C1F7A}.Debug|x86.ActiveCfg = Debug|Win32
		{D2AA4A4B-E9F0-4DD2-8260-7B53448C1F7A}.Debug|x86.Build.0 = Debug|Win32
		{D2AA4A4B-E9F0-4DD2-8260-7B53448C1F7A}.Release|x64.ActiveCfg = Release|x64
		{D2AA4A4B-E9F0-4DD2-8260-7B53448C1F7A}.Release|x64.Build.0 = Release|x64
		{D2AA4A4B-E9F0-4DD2-8260-7B53448C1F7A}.Release|x86.ActiveCfg = Release|Win32
		{D2AA4A4B-E9F0-4DD2-8260-7B53448C1F7A}.Release|x86.Build.0 = Release|Win32
		{8B7C233E-7F1E-49BA-984F-FA903EF8C12A}.Debug|x64.ActiveCfg = Debug|x64
		{8B7C233E-7F1E-49BA-984F-FA903EF8C12A}.Debug|x64.Build.0 = Debug|x64
		{8B7C233E-7F1E-49BA-984F-FA903EF8C12A}.Debug|x86.ActiveCfg = Debug|Win32
		{8B7C233E-7F1E-49BA-984F-FA903EF8C12A}.Debug|x86.Build.0 = Debug|Win32
		{8B7C233E-7F1E-49BA-984F-FA903EF8C12A}.Release|x64.ActiveCfg = Release|x64
		{8B7C233E-7F1E-49BA-984F-FA903EF8C12A}.Release|x64.Build.0 = Release|x64
		{8B7C233E-7F1E-49BA-984F-FA903EF8C12A}.Release|x86.ActiveCfg = Release|Win32
		{8B7C233E-7F1E-49BA-984F-FA903EF8C12A}.Release|x86.Build.0 = Release|Win32
		{B5F5D400-A037-4096-8DDB-5E8CC003A1E8}.Debug|x64.ActiveCfg = Debug|x64
		{B5F5D400-A037-4096-8DDB-5E8CC003A1E8}.Debug|x64.Build.0 = Debug|x64
		{B5F5D400-A037-4096-8DDB-5E8CC003A1E8}.Debug|x86.ActiveCfg = Debug|Win32
		{B5F5D400-A037-4096-8DDB-5E8CC003A1E8}.Debug|x86.Build.0 = Debug|Win32
		{B5F5D400-A037-4096-8DDB-5E8CC003A1E8}.Release|x64.ActiveCfg = Release|x64
		{B5F5D400-A037-4096-8DDB-5E8CC003A1E8}.Release|x64.Build.0 = Release|x64
		{B5F5D400-A037-4096-8DDB-5E8CC003A1E8}.Release|x86.ActiveCfg = Release|Win32
		{B5F5D400-A037-4096-8DDB-5E8CC003A1E8}.Release|x86.Build.0 = Release|Win32
		{3354F2FA-58E5-4CF0-8179-AC9EA2BF45A1}.Debug|x64.ActiveCfg = Debug|x64
		{3354F2FA-58E5-4CF0-8179-AC9EA2BF45A1}.Debug|x64.Build.0 = Debug|x64
		{3354F2FA-58E5-4CF0-8179-AC9EA2BF45A1}.Debug|x86.ActiveCfg = Debug|Win32
		{3354F2FA-58E5-4CF0-8179-AC9EA2BF45A1}.Debug|x86.Build.0 = Debug|Win32
		{3354F2FA-58E5-4CF0-8179-AC9EA2BF45A1}.Release|x64.ActiveCfg = Release|x64
		{3354F2FA-58E5-4CF0-8179-AC9EA2BF45A1}.Release|x64.Build.0 = Release|x64
		{3354F2FA-58E5-4CF0-8179-AC9EA2BF45A1}.Release|x86.ActiveCfg = Release|Win32
		{3354F2FA-58E5-4CF0-8179-AC9EA2BF45A1}.Release|x86.Build.0 = Release|Win32
		{11DCE980-E809-4A04-9AA3-1A2AAC339228}.Debug|x64.ActiveCfg = Debug|x64
		{11DCE980-E809-4A04-9AA3-1A2AAC339228}.Debug|x64.Build.0 = Debug|x64
		{11DCE980-E809-4A04-9AA3-1A2AAC339228}.Debug|x86.ActiveCfg = Debug|Win32
		{11DCE980-E809-4A04-9AA3-1A2AAC339228}.Debug|x86.Build.0 = Debug|Win32
		{11DCE980-E809-4A04-9AA3-1A2AAC339228}.Release|x64.ActiveCfg = Release|x64
		{11DCE980-E809-4A04-9AA3-1A2AAC339228}.Release|x64.Build.0 = Release|x64
		{11DCE980-E809-4A04-9AA3-1A2AAC339228}.Release|x86.ActiveCfg = Release|Win32
		{11DCE980-E809-4A04-9AA3-1A2AAC339228}.Release|x86.Build.0 = Release|Win32
		{08FD3C38-E3C0-4E4D-B523-B3BF5C67E39C}.Debug|x64.ActiveCfg = Debug|x64
		{08FD3C38-E3C0-4E4D-B523-B3BF5C67E39C}.Debug|x64.Build.0 = Debug|x64
		{08FD3C38-E3C0-4E4D-B523-B3BF5C67E39C}.Debug|x86.ActiveCfg = Debug|Win32
		{08FD3C38-E3C0-4E4D-B523-B3BF5C67E39C}.Debug|x86.Build.0 = Debug|Win32
		{08FD3C38-E3C0-4E4D-B523-B3BF5C67E39C}.Release|x64.ActiveCfg = Release|x64
		{08FD3C38-E3C0-4E4D-B523-B3BF5C67E39C}.Release|x64.Build.0 = Release|x64
		{08FD3C38-E3C0-4E4D-B523-B3BF5C67E39C}.Release|x86.ActiveCfg = Release|Win32
		{08FD3C38-E3C0-4E4D-B523-B3BF5C67E39C}.Release|x86.Build.0 = Release|Win32
		{C7F1348E-0A4B-49B7-B345-8B20AF495C06}.Debug|x64.ActiveCfg = Debug|x64
		{C7F1348E-0A4B-49B7-B345-8B20AF495C06}.Debug|x64.Build.0 = Debug|x64
		{C7F1348E-0A4B-49B7-B345-8B20AF495C06}.Debug|x86.ActiveCfg = Debug|Win32
		{C7F1348E-0A4B-49B7-B345-8B20AF495C06}.Debug|x86.Build.0 = Debug|Win32
		{C7F1348E-0A4B-49B7-B345-8B20AF495C06}.Release|x64.ActiveCfg = Release|x64
		{C7F1348E-0A4B-49B7-B345-8B20AF495C06}.Release|x64.Build.0 = Release|x64
		{C7F1348E-0A4B-49B7-B345-8B20AF495C06}.Release|x86.ActiveCfg = Release|Win32
		{C7F1348E-0A4B-49B7-B345-8B20AF495C06}.Release|x86.Build.0 = Release|Win32
		{22DF79EA-A927-49A0-8E2B-435CBD892E12}.Debug|x64.ActiveCfg = Debug|x64
		{22DF79EA-A927-49A0-8E2B-435CBD892E12}.Debug|x64.Build.0 = Debug|x64
		{22DF79EA-A927-49A0-8E2B-435CBD892E12}.Debug|x86.ActiveCfg = Debug|Win32
		{22DF79EA-A927-49A0-8E2B-435CBD892E12}.Debug|x86.Build.0 = Debug|Win32
		{22DF79EA-A927-49A0-8E2B-435CBD892E12}.Release|x64.ActiveCfg = Release|x64
		{22DF79EA-A927-49A0-8E2B-435CBD892E12}.Release|x64.Build.0 = Release|x64
		{22DF79EA-A927-49A0-8E2B-435CBD892E12}.Release|x86.ActiveCfg = Release|Win32
		{22DF79EA-A927-49A0-8E2B-435CBD892E12}.Release|x86.Build.0 = Release|Win32
	EndGlobalSection
	GlobalSection(SolutionProperties) = preSolution
		HideSolutionNode = FALSE
	EndGlobalSection
	GlobalSection(ExtensibilityGlobals) = postSolution
		SolutionGuid = {FC8A8EA5-CED8-44D7-9625-EDC12565D782}
	EndGlobalSection
EndGlobal
